hash: 289e0e21180a233ed559ba1413acf897b84c6c850649693d2e6ea8b7e5ab11ae
updated: 2019-02-24T15:41:07.295289439-08:00
imports:
- name: github.com/aws/aws-sdk-go
  version: 3f2533cffbce7bb8fbee965a2ae25a3a150b2ef2
  subpackages:
  - aws
  - aws/awserr
  - aws/awsutil
  - aws/client
  - aws/client/metadata
  - aws/corehandlers
  - aws/credentials
  - aws/credentials/ec2rolecreds
  - aws/credentials/endpointcreds
  - aws/credentials/processcreds
  - aws/credentials/stscreds
  - aws/crr
  - aws/csm
  - aws/defaults
  - aws/ec2metadata
  - aws/endpoints
  - aws/request
  - aws/session
  - aws/signer/v4
  - internal/ini
  - internal/sdkio
  - internal/sdkrand
  - internal/sdkuri
  - internal/shareddefaults
  - private/protocol
  - private/protocol/json/jsonutil
  - private/protocol/jsonrpc
  - private/protocol/query
  - private/protocol/query/queryutil
  - private/protocol/rest
  - private/protocol/xml/xmlutil
  - service/dynamodb
  - service/dynamodb/dynamodbattribute
  - service/kms
  - service/sts
- name: github.com/golang/protobuf
  version: c823c79ea1570fb5ff454033735a8e68575d1d0f
  subpackages:
  - proto
- name: github.com/gorilla/context
  version: 51ce91d2eaddeca0ef29a71d766bb3634dadf729
- name: github.com/gorilla/mux
  version: 94231ffd98496cbcb1c15b7bf2a9edfd5f852cd4
- name: github.com/hashicorp/golang-lru
  version: 20f1fb78b0740ba8c3cb143a61e86ba5c8669768
  subpackages:
  - simplelru
- name: github.com/jmespath/go-jmespath
  version: c2b33e8439af944379acbdd9c3a5fe0bc44bd8a5
- name: github.com/konsorten/go-windows-terminal-sequences
  version: 5c8c8bd35d3832f5d134ae1e1e375b69a4d25242
- name: github.com/mitchellh/mapstructure
  version: 3536a929edddb9a5b34bd6861dc4a9647cb459fe
- name: github.com/omnom-nom/apiserver
  version: 5a13bb11ba3baaf022bf602dd15032407d62b477
- name: github.com/sirupsen/logrus
  version: e1e72e9de974bd926e5c56f83753fba2df402ce5
- name: github.com/throttled/throttled
  version: def5708c45a0d2b2b9a3604521f3164e227d2c83
  subpackages:
  - store/memstore
- name: github.com/ttacon/builder
  version: c099f663e1c235176c175644792c5eb282017ad7
- name: github.com/ttacon/libphonenumber
  version: 23ddf903e8f8800d2857645eb155ffbe15cd02ee
- name: github.com/urfave/negroni
  version: c6a59be0ce122566695fbd5e48a77f8f10c8a63a
- name: golang.org/x/crypto
  version: 74369b46fc6756741c016591724fd1cb8e26845f
  subpackages:
  - ssh/terminal
- name: golang.org/x/lint
  version: 8f45f776aaf18cebc8d65861cc70c33c60471952
  subpackages:
  - golint
- name: golang.org/x/sys
  version: d0b11bdaac8adb652bff00e49bcacf992835621a
  subpackages:
  - unix
  - windows
testImports: []
